
Microsoft Visual Studio Solution File, Format Version 12.00
# Visual Studio Version 16
VisualStudioVersion = 16.0.31410.357
MinimumVisualStudioVersion = 10.0.40219.1
Project("{2150E333-8FDC-42A3-9474-1A3956D46DE8}") = "CMakePredefinedTargets", "CMakePredefinedTargets", "{952E3B30-F012-3532-8CAA-BA9A8F700560}"
EndProject
Project("{2150E333-8FDC-42A3-9474-1A3956D46DE8}") = "External", "External", "{F769E34C-E555-3DA6-8ACE-1356C24B907C}"
EndProject
Project("{2150E333-8FDC-42A3-9474-1A3956D46DE8}") = "Internal", "Internal", "{5E8F653E-7279-3983-88A3-363EB8D10E6C}"
EndProject
Project("{2150E333-8FDC-42A3-9474-1A3956D46DE8}") = "Utils", "Utils", "{9F188A32-429C-377F-9C6B-D15BB266F23C}"
EndProject
Project("{8BC9CEB8-8B4A-11D0-8D11-00A0C91BC942}") = "NinjasGame2", "NinjasGame2.vcxproj", "{DAA4BE6F-5D64-37CD-B237-A93CDF38F732}"
	ProjectSection(ProjectDependencies) = postProject
		{24F5B0D6-A959-339A-B0BD-64CB05B26863} = {24F5B0D6-A959-339A-B0BD-64CB05B26863}
		{D9C02290-F83F-3844-BCE4-6B78D768BF8E} = {D9C02290-F83F-3844-BCE4-6B78D768BF8E}
		{1E252245-F167-3ACF-A78C-7A0D53CD2206} = {1E252245-F167-3ACF-A78C-7A0D53CD2206}
		{C438C1B1-992E-3943-BDBF-E12333FE1A2F} = {C438C1B1-992E-3943-BDBF-E12333FE1A2F}
		{E707E957-8D28-324E-8B0F-F90B62E5B6FF} = {E707E957-8D28-324E-8B0F-F90B62E5B6FF}
		{AE7D8C34-C891-3894-9EB8-94B617A830F4} = {AE7D8C34-C891-3894-9EB8-94B617A830F4}
		{42C72720-E423-3635-888B-5D868C0A71D8} = {42C72720-E423-3635-888B-5D868C0A71D8}
		{74D2EAF6-AA60-36CC-9868-1D92AB97A3A0} = {74D2EAF6-AA60-36CC-9868-1D92AB97A3A0}
		{F18B1B31-4B6D-3252-BE74-17DCE1629C7A} = {F18B1B31-4B6D-3252-BE74-17DCE1629C7A}
		{DDE7A7A1-E7D7-3F51-9A6C-87B64FC5CE83} = {DDE7A7A1-E7D7-3F51-9A6C-87B64FC5CE83}
		{2D799190-F1D9-3FB5-B176-A649B0D875F7} = {2D799190-F1D9-3FB5-B176-A649B0D875F7}
		{9DB367FA-7C08-3C34-8DB9-33BBD402024E} = {9DB367FA-7C08-3C34-8DB9-33BBD402024E}
		{D838096E-3DD0-398A-AAB8-B0AF1B1474DB} = {D838096E-3DD0-398A-AAB8-B0AF1B1474DB}
		{F99222B0-A7E5-34A8-BAD9-673BB5ED6C5E} = {F99222B0-A7E5-34A8-BAD9-673BB5ED6C5E}
	EndProjectSection
EndProject
Project("{8BC9CEB8-8B4A-11D0-8D11-00A0C91BC942}") = "SYNC_RESOURCE-NinjasGame2", "SYNC_RESOURCE-NinjasGame2.vcxproj", "{24F5B0D6-A959-339A-B0BD-64CB05B26863}"
	ProjectSection(ProjectDependencies) = postProject
		{D9C02290-F83F-3844-BCE4-6B78D768BF8E} = {D9C02290-F83F-3844-BCE4-6B78D768BF8E}
	EndProjectSection
EndProject
Project("{8BC9CEB8-8B4A-11D0-8D11-00A0C91BC942}") = "ZERO_CHECK", "ZERO_CHECK.vcxproj", "{D9C02290-F83F-3844-BCE4-6B78D768BF8E}"
EndProject
Project("{8BC9CEB8-8B4A-11D0-8D11-00A0C91BC942}") = "cocos2d", "engine\cocos\core\cocos2d.vcxproj", "{1E252245-F167-3ACF-A78C-7A0D53CD2206}"
	ProjectSection(ProjectDependencies) = postProject
		{D9C02290-F83F-3844-BCE4-6B78D768BF8E} = {D9C02290-F83F-3844-BCE4-6B78D768BF8E}
		{C438C1B1-992E-3943-BDBF-E12333FE1A2F} = {C438C1B1-992E-3943-BDBF-E12333FE1A2F}
		{E707E957-8D28-324E-8B0F-F90B62E5B6FF} = {E707E957-8D28-324E-8B0F-F90B62E5B6FF}
		{AE7D8C34-C891-3894-9EB8-94B617A830F4} = {AE7D8C34-C891-3894-9EB8-94B617A830F4}
		{42C72720-E423-3635-888B-5D868C0A71D8} = {42C72720-E423-3635-888B-5D868C0A71D8}
		{74D2EAF6-AA60-36CC-9868-1D92AB97A3A0} = {74D2EAF6-AA60-36CC-9868-1D92AB97A3A0}
		{F18B1B31-4B6D-3252-BE74-17DCE1629C7A} = {F18B1B31-4B6D-3252-BE74-17DCE1629C7A}
		{DDE7A7A1-E7D7-3F51-9A6C-87B64FC5CE83} = {DDE7A7A1-E7D7-3F51-9A6C-87B64FC5CE83}
		{2D799190-F1D9-3FB5-B176-A649B0D875F7} = {2D799190-F1D9-3FB5-B176-A649B0D875F7}
		{9DB367FA-7C08-3C34-8DB9-33BBD402024E} = {9DB367FA-7C08-3C34-8DB9-33BBD402024E}
		{D838096E-3DD0-398A-AAB8-B0AF1B1474DB} = {D838096E-3DD0-398A-AAB8-B0AF1B1474DB}
		{F99222B0-A7E5-34A8-BAD9-673BB5ED6C5E} = {F99222B0-A7E5-34A8-BAD9-673BB5ED6C5E}
	EndProjectSection
EndProject
Project("{8BC9CEB8-8B4A-11D0-8D11-00A0C91BC942}") = "ext_clipper", "engine\external\clipper\ext_clipper.vcxproj", "{C438C1B1-992E-3943-BDBF-E12333FE1A2F}"
	ProjectSection(ProjectDependencies) = postProject
		{D9C02290-F83F-3844-BCE4-6B78D768BF8E} = {D9C02290-F83F-3844-BCE4-6B78D768BF8E}
	EndProjectSection
EndProject
Project("{8BC9CEB8-8B4A-11D0-8D11-00A0C91BC942}") = "ext_convertUTF", "engine\external\ConvertUTF\ext_convertUTF.vcxproj", "{E707E957-8D28-324E-8B0F-F90B62E5B6FF}"
	ProjectSection(ProjectDependencies) = postProject
		{D9C02290-F83F-3844-BCE4-6B78D768BF8E} = {D9C02290-F83F-3844-BCE4-6B78D768BF8E}
	EndProjectSection
EndProject
Project("{8BC9CEB8-8B4A-11D0-8D11-00A0C91BC942}") = "ext_edtaa3func", "engine\external\edtaa3func\ext_edtaa3func.vcxproj", "{AE7D8C34-C891-3894-9EB8-94B617A830F4}"
	ProjectSection(ProjectDependencies) = postProject
		{D9C02290-F83F-3844-BCE4-6B78D768BF8E} = {D9C02290-F83F-3844-BCE4-6B78D768BF8E}
	EndProjectSection
EndProject
Project("{8BC9CEB8-8B4A-11D0-8D11-00A0C91BC942}") = "ext_md5", "engine\external\md5\ext_md5.vcxproj", "{42C72720-E423-3635-888B-5D868C0A71D8}"
	ProjectSection(ProjectDependencies) = postProject
		{D9C02290-F83F-3844-BCE4-6B78D768BF8E} = {D9C02290-F83F-3844-BCE4-6B78D768BF8E}
	EndProjectSection
EndProject
Project("{8BC9CEB8-8B4A-11D0-8D11-00A0C91BC942}") = "ext_poly2tri", "engine\external\poly2tri\ext_poly2tri.vcxproj", "{74D2EAF6-AA60-36CC-9868-1D92AB97A3A0}"
	ProjectSection(ProjectDependencies) = postProject
		{D9C02290-F83F-3844-BCE4-6B78D768BF8E} = {D9C02290-F83F-3844-BCE4-6B78D768BF8E}
	EndProjectSection
EndProject
Project("{8BC9CEB8-8B4A-11D0-8D11-00A0C91BC942}") = "ext_recast", "engine\external\recast\ext_recast.vcxproj", "{F18B1B31-4B6D-3252-BE74-17DCE1629C7A}"
	ProjectSection(ProjectDependencies) = postProject
		{D9C02290-F83F-3844-BCE4-6B78D768BF8E} = {D9C02290-F83F-3844-BCE4-6B78D768BF8E}
	EndProjectSection
EndProject
Project("{8BC9CEB8-8B4A-11D0-8D11-00A0C91BC942}") = "ext_tinyxml2", "engine\external\tinyxml2\ext_tinyxml2.vcxproj", "{DDE7A7A1-E7D7-3F51-9A6C-87B64FC5CE83}"
	ProjectSection(ProjectDependencies) = postProject
		{D9C02290-F83F-3844-BCE4-6B78D768BF8E} = {D9C02290-F83F-3844-BCE4-6B78D768BF8E}
	EndProjectSection
EndProject
Project("{8BC9CEB8-8B4A-11D0-8D11-00A0C91BC942}") = "ext_unzip", "engine\external\unzip\ext_unzip.vcxproj", "{2D799190-F1D9-3FB5-B176-A649B0D875F7}"
	ProjectSection(ProjectDependencies) = postProject
		{D9C02290-F83F-3844-BCE4-6B78D768BF8E} = {D9C02290-F83F-3844-BCE4-6B78D768BF8E}
	EndProjectSection
EndProject
Project("{8BC9CEB8-8B4A-11D0-8D11-00A0C91BC942}") = "ext_xxhash", "engine\external\xxhash\ext_xxhash.vcxproj", "{9DB367FA-7C08-3C34-8DB9-33BBD402024E}"
	ProjectSection(ProjectDependencies) = postProject
		{D9C02290-F83F-3844-BCE4-6B78D768BF8E} = {D9C02290-F83F-3844-BCE4-6B78D768BF8E}
	EndProjectSection
EndProject
Project("{8BC9CEB8-8B4A-11D0-8D11-00A0C91BC942}") = "ext_xxtea", "engine\external\xxtea\ext_xxtea.vcxproj", "{D838096E-3DD0-398A-AAB8-B0AF1B1474DB}"
	ProjectSection(ProjectDependencies) = postProject
		{D9C02290-F83F-3844-BCE4-6B78D768BF8E} = {D9C02290-F83F-3844-BCE4-6B78D768BF8E}
	EndProjectSection
EndProject
Project("{8BC9CEB8-8B4A-11D0-8D11-00A0C91BC942}") = "external", "engine\external\external.vcxproj", "{F99222B0-A7E5-34A8-BAD9-673BB5ED6C5E}"
	ProjectSection(ProjectDependencies) = postProject
		{D9C02290-F83F-3844-BCE4-6B78D768BF8E} = {D9C02290-F83F-3844-BCE4-6B78D768BF8E}
		{C438C1B1-992E-3943-BDBF-E12333FE1A2F} = {C438C1B1-992E-3943-BDBF-E12333FE1A2F}
		{E707E957-8D28-324E-8B0F-F90B62E5B6FF} = {E707E957-8D28-324E-8B0F-F90B62E5B6FF}
		{AE7D8C34-C891-3894-9EB8-94B617A830F4} = {AE7D8C34-C891-3894-9EB8-94B617A830F4}
		{42C72720-E423-3635-888B-5D868C0A71D8} = {42C72720-E423-3635-888B-5D868C0A71D8}
		{74D2EAF6-AA60-36CC-9868-1D92AB97A3A0} = {74D2EAF6-AA60-36CC-9868-1D92AB97A3A0}
		{F18B1B31-4B6D-3252-BE74-17DCE1629C7A} = {F18B1B31-4B6D-3252-BE74-17DCE1629C7A}
		{DDE7A7A1-E7D7-3F51-9A6C-87B64FC5CE83} = {DDE7A7A1-E7D7-3F51-9A6C-87B64FC5CE83}
		{2D799190-F1D9-3FB5-B176-A649B0D875F7} = {2D799190-F1D9-3FB5-B176-A649B0D875F7}
		{9DB367FA-7C08-3C34-8DB9-33BBD402024E} = {9DB367FA-7C08-3C34-8DB9-33BBD402024E}
		{D838096E-3DD0-398A-AAB8-B0AF1B1474DB} = {D838096E-3DD0-398A-AAB8-B0AF1B1474DB}
	EndProjectSection
EndProject
Global
	GlobalSection(SolutionConfigurationPlatforms) = preSolution
		Debug|Win32 = Debug|Win32
		MinSizeRel|Win32 = MinSizeRel|Win32
		Release|Win32 = Release|Win32
		RelWithDebInfo|Win32 = RelWithDebInfo|Win32
	EndGlobalSection
	GlobalSection(ProjectConfigurationPlatforms) = postSolution
		{DAA4BE6F-5D64-37CD-B237-A93CDF38F732}.Debug|Win32.ActiveCfg = Debug|Win32
		{DAA4BE6F-5D64-37CD-B237-A93CDF38F732}.Debug|Win32.Build.0 = Debug|Win32
		{DAA4BE6F-5D64-37CD-B237-A93CDF38F732}.MinSizeRel|Win32.ActiveCfg = MinSizeRel|Win32
		{DAA4BE6F-5D64-37CD-B237-A93CDF38F732}.MinSizeRel|Win32.Build.0 = MinSizeRel|Win32
		{DAA4BE6F-5D64-37CD-B237-A93CDF38F732}.Release|Win32.ActiveCfg = Release|Win32
		{DAA4BE6F-5D64-37CD-B237-A93CDF38F732}.Release|Win32.Build.0 = Release|Win32
		{DAA4BE6F-5D64-37CD-B237-A93CDF38F732}.RelWithDebInfo|Win32.ActiveCfg = RelWithDebInfo|Win32
		{DAA4BE6F-5D64-37CD-B237-A93CDF38F732}.RelWithDebInfo|Win32.Build.0 = RelWithDebInfo|Win32
		{24F5B0D6-A959-339A-B0BD-64CB05B26863}.Debug|Win32.ActiveCfg = Debug|Win32
		{24F5B0D6-A959-339A-B0BD-64CB05B26863}.Debug|Win32.Build.0 = Debug|Win32
		{24F5B0D6-A959-339A-B0BD-64CB05B26863}.MinSizeRel|Win32.ActiveCfg = MinSizeRel|Win32
		{24F5B0D6-A959-339A-B0BD-64CB05B26863}.MinSizeRel|Win32.Build.0 = MinSizeRel|Win32
		{24F5B0D6-A959-339A-B0BD-64CB05B26863}.Release|Win32.ActiveCfg = Release|Win32
		{24F5B0D6-A959-339A-B0BD-64CB05B26863}.Release|Win32.Build.0 = Release|Win32
		{24F5B0D6-A959-339A-B0BD-64CB05B26863}.RelWithDebInfo|Win32.ActiveCfg = RelWithDebInfo|Win32
		{24F5B0D6-A959-339A-B0BD-64CB05B26863}.RelWithDebInfo|Win32.Build.0 = RelWithDebInfo|Win32
		{D9C02290-F83F-3844-BCE4-6B78D768BF8E}.Debug|Win32.ActiveCfg = Debug|Win32
		{D9C02290-F83F-3844-BCE4-6B78D768BF8E}.Debug|Win32.Build.0 = Debug|Win32
		{D9C02290-F83F-3844-BCE4-6B78D768BF8E}.MinSizeRel|Win32.ActiveCfg = MinSizeRel|Win32
		{D9C02290-F83F-3844-BCE4-6B78D768BF8E}.MinSizeRel|Win32.Build.0 = MinSizeRel|Win32
		{D9C02290-F83F-3844-BCE4-6B78D768BF8E}.Release|Win32.ActiveCfg = Release|Win32
		{D9C02290-F83F-3844-BCE4-6B78D768BF8E}.Release|Win32.Build.0 = Release|Win32
		{D9C02290-F83F-3844-BCE4-6B78D768BF8E}.RelWithDebInfo|Win32.ActiveCfg = RelWithDebInfo|Win32
		{D9C02290-F83F-3844-BCE4-6B78D768BF8E}.RelWithDebInfo|Win32.Build.0 = RelWithDebInfo|Win32
		{1E252245-F167-3ACF-A78C-7A0D53CD2206}.Debug|Win32.ActiveCfg = Debug|Win32
		{1E252245-F167-3ACF-A78C-7A0D53CD2206}.Debug|Win32.Build.0 = Debug|Win32
		{1E252245-F167-3ACF-A78C-7A0D53CD2206}.MinSizeRel|Win32.ActiveCfg = MinSizeRel|Win32
		{1E252245-F167-3ACF-A78C-7A0D53CD2206}.MinSizeRel|Win32.Build.0 = MinSizeRel|Win32
		{1E252245-F167-3ACF-A78C-7A0D53CD2206}.Release|Win32.ActiveCfg = Release|Win32
		{1E252245-F167-3ACF-A78C-7A0D53CD2206}.Release|Win32.Build.0 = Release|Win32
		{1E252245-F167-3ACF-A78C-7A0D53CD2206}.RelWithDebInfo|Win32.ActiveCfg = RelWithDebInfo|Win32
		{1E252245-F167-3ACF-A78C-7A0D53CD2206}.RelWithDebInfo|Win32.Build.0 = RelWithDebInfo|Win32
		{C438C1B1-992E-3943-BDBF-E12333FE1A2F}.Debug|Win32.ActiveCfg = Debug|Win32
		{C438C1B1-992E-3943-BDBF-E12333FE1A2F}.Debug|Win32.Build.0 = Debug|Win32
		{C438C1B1-992E-3943-BDBF-E12333FE1A2F}.MinSizeRel|Win32.ActiveCfg = MinSizeRel|Win32
		{C438C1B1-992E-3943-BDBF-E12333FE1A2F}.MinSizeRel|Win32.Build.0 = MinSizeRel|Win32
		{C438C1B1-992E-3943-BDBF-E12333FE1A2F}.Release|Win32.ActiveCfg = Release|Win32
		{C438C1B1-992E-3943-BDBF-E12333FE1A2F}.Release|Win32.Build.0 = Release|Win32
		{C438C1B1-992E-3943-BDBF-E12333FE1A2F}.RelWithDebInfo|Win32.ActiveCfg = RelWithDebInfo|Win32
		{C438C1B1-992E-3943-BDBF-E12333FE1A2F}.RelWithDebInfo|Win32.Build.0 = RelWithDebInfo|Win32
		{E707E957-8D28-324E-8B0F-F90B62E5B6FF}.Debug|Win32.ActiveCfg = Debug|Win32
		{E707E957-8D28-324E-8B0F-F90B62E5B6FF}.Debug|Win32.Build.0 = Debug|Win32
		{E707E957-8D28-324E-8B0F-F90B62E5B6FF}.MinSizeRel|Win32.ActiveCfg = MinSizeRel|Win32
		{E707E957-8D28-324E-8B0F-F90B62E5B6FF}.MinSizeRel|Win32.Build.0 = MinSizeRel|Win32
		{E707E957-8D28-324E-8B0F-F90B62E5B6FF}.Release|Win32.ActiveCfg = Release|Win32
		{E707E957-8D28-324E-8B0F-F90B62E5B6FF}.Release|Win32.Build.0 = Release|Win32
		{E707E957-8D28-324E-8B0F-F90B62E5B6FF}.RelWithDebInfo|Win32.ActiveCfg = RelWithDebInfo|Win32
		{E707E957-8D28-324E-8B0F-F90B62E5B6FF}.RelWithDebInfo|Win32.Build.0 = RelWithDebInfo|Win32
		{AE7D8C34-C891-3894-9EB8-94B617A830F4}.Debug|Win32.ActiveCfg = Debug|Win32
		{AE7D8C34-C891-3894-9EB8-94B617A830F4}.Debug|Win32.Build.0 = Debug|Win32
		{AE7D8C34-C891-3894-9EB8-94B617A830F4}.MinSizeRel|Win32.ActiveCfg = MinSizeRel|Win32
		{AE7D8C34-C891-3894-9EB8-94B617A830F4}.MinSizeRel|Win32.Build.0 = MinSizeRel|Win32
		{AE7D8C34-C891-3894-9EB8-94B617A830F4}.Release|Win32.ActiveCfg = Release|Win32
		{AE7D8C34-C891-3894-9EB8-94B617A830F4}.Release|Win32.Build.0 = Release|Win32
		{AE7D8C34-C891-3894-9EB8-94B617A830F4}.RelWithDebInfo|Win32.ActiveCfg = RelWithDebInfo|Win32
		{AE7D8C34-C891-3894-9EB8-94B617A830F4}.RelWithDebInfo|Win32.Build.0 = RelWithDebInfo|Win32
		{42C72720-E423-3635-888B-5D868C0A71D8}.Debug|Win32.ActiveCfg = Debug|Win32
		{42C72720-E423-3635-888B-5D868C0A71D8}.Debug|Win32.Build.0 = Debug|Win32
		{42C72720-E423-3635-888B-5D868C0A71D8}.MinSizeRel|Win32.ActiveCfg = MinSizeRel|Win32
		{42C72720-E423-3635-888B-5D868C0A71D8}.MinSizeRel|Win32.Build.0 = MinSizeRel|Win32
		{42C72720-E423-3635-888B-5D868C0A71D8}.Release|Win32.ActiveCfg = Release|Win32
		{42C72720-E423-3635-888B-5D868C0A71D8}.Release|Win32.Build.0 = Release|Win32
		{42C72720-E423-3635-888B-5D868C0A71D8}.RelWithDebInfo|Win32.ActiveCfg = RelWithDebInfo|Win32
		{42C72720-E423-3635-888B-5D868C0A71D8}.RelWithDebInfo|Win32.Build.0 = RelWithDebInfo|Win32
		{74D2EAF6-AA60-36CC-9868-1D92AB97A3A0}.Debug|Win32.ActiveCfg = Debug|Win32
		{74D2EAF6-AA60-36CC-9868-1D92AB97A3A0}.Debug|Win32.Build.0 = Debug|Win32
		{74D2EAF6-AA60-36CC-9868-1D92AB97A3A0}.MinSizeRel|Win32.ActiveCfg = MinSizeRel|Win32
		{74D2EAF6-AA60-36CC-9868-1D92AB97A3A0}.MinSizeRel|Win32.Build.0 = MinSizeRel|Win32
		{74D2EAF6-AA60-36CC-9868-1D92AB97A3A0}.Release|Win32.ActiveCfg = Release|Win32
		{74D2EAF6-AA60-36CC-9868-1D92AB97A3A0}.Release|Win32.Build.0 = Release|Win32
		{74D2EAF6-AA60-36CC-9868-1D92AB97A3A0}.RelWithDebInfo|Win32.ActiveCfg = RelWithDebInfo|Win32
		{74D2EAF6-AA60-36CC-9868-1D92AB97A3A0}.RelWithDebInfo|Win32.Build.0 = RelWithDebInfo|Win32
		{F18B1B31-4B6D-3252-BE74-17DCE1629C7A}.Debug|Win32.ActiveCfg = Debug|Win32
		{F18B1B31-4B6D-3252-BE74-17DCE1629C7A}.Debug|Win32.Build.0 = Debug|Win32
		{F18B1B31-4B6D-3252-BE74-17DCE1629C7A}.MinSizeRel|Win32.ActiveCfg = MinSizeRel|Win32
		{F18B1B31-4B6D-3252-BE74-17DCE1629C7A}.MinSizeRel|Win32.Build.0 = MinSizeRel|Win32
		{F18B1B31-4B6D-3252-BE74-17DCE1629C7A}.Release|Win32.ActiveCfg = Release|Win32
		{F18B1B31-4B6D-3252-BE74-17DCE1629C7A}.Release|Win32.Build.0 = Release|Win32
		{F18B1B31-4B6D-3252-BE74-17DCE1629C7A}.RelWithDebInfo|Win32.ActiveCfg = RelWithDebInfo|Win32
		{F18B1B31-4B6D-3252-BE74-17DCE1629C7A}.RelWithDebInfo|Win32.Build.0 = RelWithDebInfo|Win32
		{DDE7A7A1-E7D7-3F51-9A6C-87B64FC5CE83}.Debug|Win32.ActiveCfg = Debug|Win32
		{DDE7A7A1-E7D7-3F51-9A6C-87B64FC5CE83}.Debug|Win32.Build.0 = Debug|Win32
		{DDE7A7A1-E7D7-3F51-9A6C-87B64FC5CE83}.MinSizeRel|Win32.ActiveCfg = MinSizeRel|Win32
		{DDE7A7A1-E7D7-3F51-9A6C-87B64FC5CE83}.MinSizeRel|Win32.Build.0 = MinSizeRel|Win32
		{DDE7A7A1-E7D7-3F51-9A6C-87B64FC5CE83}.Release|Win32.ActiveCfg = Release|Win32
		{DDE7A7A1-E7D7-3F51-9A6C-87B64FC5CE83}.Release|Win32.Build.0 = Release|Win32
		{DDE7A7A1-E7D7-3F51-9A6C-87B64FC5CE83}.RelWithDebInfo|Win32.ActiveCfg = RelWithDebInfo|Win32
		{DDE7A7A1-E7D7-3F51-9A6C-87B64FC5CE83}.RelWithDebInfo|Win32.Build.0 = RelWithDebInfo|Win32
		{2D799190-F1D9-3FB5-B176-A649B0D875F7}.Debug|Win32.ActiveCfg = Debug|Win32
		{2D799190-F1D9-3FB5-B176-A649B0D875F7}.Debug|Win32.Build.0 = Debug|Win32
		{2D799190-F1D9-3FB5-B176-A649B0D875F7}.MinSizeRel|Win32.ActiveCfg = MinSizeRel|Win32
		{2D799190-F1D9-3FB5-B176-A649B0D875F7}.MinSizeRel|Win32.Build.0 = MinSizeRel|Win32
		{2D799190-F1D9-3FB5-B176-A649B0D875F7}.Release|Win32.ActiveCfg = Release|Win32
		{2D799190-F1D9-3FB5-B176-A649B0D875F7}.Release|Win32.Build.0 = Release|Win32
		{2D799190-F1D9-3FB5-B176-A649B0D875F7}.RelWithDebInfo|Win32.ActiveCfg = RelWithDebInfo|Win32
		{2D799190-F1D9-3FB5-B176-A649B0D875F7}.RelWithDebInfo|Win32.Build.0 = RelWithDebInfo|Win32
		{9DB367FA-7C08-3C34-8DB9-33BBD402024E}.Debug|Win32.ActiveCfg = Debug|Win32
		{9DB367FA-7C08-3C34-8DB9-33BBD402024E}.Debug|Win32.Build.0 = Debug|Win32
		{9DB367FA-7C08-3C34-8DB9-33BBD402024E}.MinSizeRel|Win32.ActiveCfg = MinSizeRel|Win32
		{9DB367FA-7C08-3C34-8DB9-33BBD402024E}.MinSizeRel|Win32.Build.0 = MinSizeRel|Win32
		{9DB367FA-7C08-3C34-8DB9-33BBD402024E}.Release|Win32.ActiveCfg = Release|Win32
		{9DB367FA-7C08-3C34-8DB9-33BBD402024E}.Release|Win32.Build.0 = Release|Win32
		{9DB367FA-7C08-3C34-8DB9-33BBD402024E}.RelWithDebInfo|Win32.ActiveCfg = RelWithDebInfo|Win32
		{9DB367FA-7C08-3C34-8DB9-33BBD402024E}.RelWithDebInfo|Win32.Build.0 = RelWithDebInfo|Win32
		{D838096E-3DD0-398A-AAB8-B0AF1B1474DB}.Debug|Win32.ActiveCfg = Debug|Win32
		{D838096E-3DD0-398A-AAB8-B0AF1B1474DB}.Debug|Win32.Build.0 = Debug|Win32
		{D838096E-3DD0-398A-AAB8-B0AF1B1474DB}.MinSizeRel|Win32.ActiveCfg = MinSizeRel|Win32
		{D838096E-3DD0-398A-AAB8-B0AF1B1474DB}.MinSizeRel|Win32.Build.0 = MinSizeRel|Win32
		{D838096E-3DD0-398A-AAB8-B0AF1B1474DB}.Release|Win32.ActiveCfg = Release|Win32
		{D838096E-3DD0-398A-AAB8-B0AF1B1474DB}.Release|Win32.Build.0 = Release|Win32
		{D838096E-3DD0-398A-AAB8-B0AF1B1474DB}.RelWithDebInfo|Win32.ActiveCfg = RelWithDebInfo|Win32
		{D838096E-3DD0-398A-AAB8-B0AF1B1474DB}.RelWithDebInfo|Win32.Build.0 = RelWithDebInfo|Win32
		{F99222B0-A7E5-34A8-BAD9-673BB5ED6C5E}.Debug|Win32.ActiveCfg = Debug|Win32
		{F99222B0-A7E5-34A8-BAD9-673BB5ED6C5E}.Debug|Win32.Build.0 = Debug|Win32
		{F99222B0-A7E5-34A8-BAD9-673BB5ED6C5E}.MinSizeRel|Win32.ActiveCfg = MinSizeRel|Win32
		{F99222B0-A7E5-34A8-BAD9-673BB5ED6C5E}.MinSizeRel|Win32.Build.0 = MinSizeRel|Win32
		{F99222B0-A7E5-34A8-BAD9-673BB5ED6C5E}.Release|Win32.ActiveCfg = Release|Win32
		{F99222B0-A7E5-34A8-BAD9-673BB5ED6C5E}.Release|Win32.Build.0 = Release|Win32
		{F99222B0-A7E5-34A8-BAD9-673BB5ED6C5E}.RelWithDebInfo|Win32.ActiveCfg = RelWithDebInfo|Win32
		{F99222B0-A7E5-34A8-BAD9-673BB5ED6C5E}.RelWithDebInfo|Win32.Build.0 = RelWithDebInfo|Win32
	EndGlobalSection
	GlobalSection(SolutionProperties) = preSolution
		HideSolutionNode = FALSE
	EndGlobalSection
	GlobalSection(NestedProjects) = preSolution
		{24F5B0D6-A959-339A-B0BD-64CB05B26863} = {9F188A32-429C-377F-9C6B-D15BB266F23C}
		{D9C02290-F83F-3844-BCE4-6B78D768BF8E} = {952E3B30-F012-3532-8CAA-BA9A8F700560}
		{1E252245-F167-3ACF-A78C-7A0D53CD2206} = {5E8F653E-7279-3983-88A3-363EB8D10E6C}
		{C438C1B1-992E-3943-BDBF-E12333FE1A2F} = {F769E34C-E555-3DA6-8ACE-1356C24B907C}
		{E707E957-8D28-324E-8B0F-F90B62E5B6FF} = {F769E34C-E555-3DA6-8ACE-1356C24B907C}
		{AE7D8C34-C891-3894-9EB8-94B617A830F4} = {F769E34C-E555-3DA6-8ACE-1356C24B907C}
		{42C72720-E423-3635-888B-5D868C0A71D8} = {F769E34C-E555-3DA6-8ACE-1356C24B907C}
		{74D2EAF6-AA60-36CC-9868-1D92AB97A3A0} = {F769E34C-E555-3DA6-8ACE-1356C24B907C}
		{F18B1B31-4B6D-3252-BE74-17DCE1629C7A} = {F769E34C-E555-3DA6-8ACE-1356C24B907C}
		{DDE7A7A1-E7D7-3F51-9A6C-87B64FC5CE83} = {F769E34C-E555-3DA6-8ACE-1356C24B907C}
		{2D799190-F1D9-3FB5-B176-A649B0D875F7} = {F769E34C-E555-3DA6-8ACE-1356C24B907C}
		{9DB367FA-7C08-3C34-8DB9-33BBD402024E} = {F769E34C-E555-3DA6-8ACE-1356C24B907C}
		{D838096E-3DD0-398A-AAB8-B0AF1B1474DB} = {F769E34C-E555-3DA6-8ACE-1356C24B907C}
		{F99222B0-A7E5-34A8-BAD9-673BB5ED6C5E} = {F769E34C-E555-3DA6-8ACE-1356C24B907C}
	EndGlobalSection
	GlobalSection(ExtensibilityGlobals) = postSolution
		SolutionGuid = {339D4037-DFC7-3D56-8751-EED20D68D840}
	EndGlobalSection
EndGlobal
